
Microsoft Visual Studio Solution File, Format Version 12.00
# Visual Studio Version 16
VisualStudioVersion = 16.0.30104.148
MinimumVisualStudioVersion = 10.0.40219.1
Project("{8BC9CEB8-8B4A-11D0-8D11-00A0C91BC942}") = "HistoryDataCollection", "HistoryDataCollection\HistoryDataCollection.vcxproj", "{FCA68070-1A44-4359-8D08-6926C9205D20}"
EndProject
Global
	GlobalSection(SolutionConfigurationPlatforms) = preSolution
		Debug|x64 = Debug|x64
		Release|x64 = Release|x64
	EndGlobalSection
	GlobalSection(ProjectConfigurationPlatforms) = postSolution
		{FCA68070-1A44-4359-8D08-6926C9205D20}.Debug|x64.ActiveCfg = Debug|x64
		{FCA68070-1A44-4359-8D08-6926C9205D20}.Debug|x64.Build.0 = Debug|x64
		{FCA68070-1A44-4359-8D08-6926C9205D20}.Release|x64.ActiveCfg = Release|x64
		{FCA68070-1A44-4359-8D08-6926C9205D20}.Release|x64.Build.0 = Release|x64
	EndGlobalSection
	GlobalSection(SolutionProperties) = preSolution
		HideSolutionNode = FALSE
	EndGlobalSection
	GlobalSection(ExtensibilityGlobals) = postSolution
		SolutionGuid = {74F4E053-3789-4CAF-9F4F-12414CF94061}
	EndGlobalSection
EndGlobal
